<?xml version="1.0" encoding="UTF-8" standalone="yes" ?>
<CodeBlocks_project_file>
	<FileVersion major="1" minor="6" />
	<Project>
		<Option title="Wyrazenia" />
		<Option pch_mode="2" />
		<Option compiler="gcc" />
		<Build>
			<Target title="Debug">
				<Option output="bin/Debug/Wyrazenia" prefix_auto="1" extension_auto="1" />
				<Option object_output="obj/Debug/" />
				<Option type="1" />
				<Option compiler="gcc" />
				<Compiler>
					<Add option="-g" />
					<Add directory="include" />
				</Compiler>
			</Target>
			<Target title="Release">
				<Option output="bin/Release/Wyrazenia" prefix_auto="1" extension_auto="1" />
				<Option object_output="obj/Release/" />
				<Option type="1" />
				<Option compiler="gcc" />
				<Compiler>
					<Add option="-O2" />
					<Add directory="include" />
				</Compiler>
				<Linker>
					<Add option="-s" />
				</Linker>
			</Target>
		</Build>
		<Compiler>
			<Add option="-Wall" />
			<Add option="-fexceptions" />
		</Compiler>
		<Unit filename="Dodaj.cpp" />
		<Unit filename="Dodaj.h" />
		<Unit filename="E.h">
			<Option target="&lt;{~None~}&gt;" />
		</Unit>
		<Unit filename="Operator0.h">
			<Option target="&lt;{~None~}&gt;" />
		</Unit>
		<Unit filename="Operator1.h" />
		<Unit filename="Operator2.h">
			<Option target="&lt;{~None~}&gt;" />
		</Unit>
		<Unit filename="Sinus.h">
			<Option target="&lt;{~None~}&gt;" />
		</Unit>
		<Unit filename="Stala.cpp" />
		<Unit filename="Stala.h" />
		<Unit filename="Wyrazenie.h">
			<Option target="&lt;{~None~}&gt;" />
		</Unit>
		<Unit filename="Zmienna.cpp" />
		<Unit filename="Zmienna.h" />
		<Unit filename="main.cpp" />
		<Unit filename="src/Wyrazenie.cpp" />
		<Extensions>
			<code_completion />
			<envvars />
			<debugger />
			<lib_finder disable_auto="1" />
		</Extensions>
	</Project>
</CodeBlocks_project_file>
